
Microsoft Visual Studio Solution File, Format Version 12.00
# Visual Studio Version 17
VisualStudioVersion = 17.0.31903.59
MinimumVisualStudioVersion = 10.0.40219.1
Project("{FAE04EC0-301F-11D3-BF4B-00C04F79EFBC}") = "API", "API\API.csproj", "{EE7F3A61-A3B5-45F7-9601-4E1C91119E72}"
EndProject
Project("{FAE04EC0-301F-11D3-BF4B-00C04F79EFBC}") = "Application", "Application\Application.csproj", "{C0C22677-9BAF-404D-B9F2-9D163D283D6F}"
EndProject
Project("{FAE04EC0-301F-11D3-BF4B-00C04F79EFBC}") = "Persistence", "Persistence\Persistence.csproj", "{5871D480-2F57-4203-B4B1-C2AA6B2152CA}"
EndProject
Global
	GlobalSection(SolutionConfigurationPlatforms) = preSolution
		Debug|Any CPU = Debug|Any CPU
		Debug|x64 = Debug|x64
		Debug|x86 = Debug|x86
		Release|Any CPU = Release|Any CPU
		Release|x64 = Release|x64
		Release|x86 = Release|x86
	EndGlobalSection
	GlobalSection(ProjectConfigurationPlatforms) = postSolution
		{EE7F3A61-A3B5-45F7-9601-4E1C91119E72}.Debug|Any CPU.ActiveCfg = Debug|Any CPU
		{EE7F3A61-A3B5-45F7-9601-4E1C91119E72}.Debug|Any CPU.Build.0 = Debug|Any CPU
		{EE7F3A61-A3B5-45F7-9601-4E1C91119E72}.Debug|x64.ActiveCfg = Debug|Any CPU
		{EE7F3A61-A3B5-45F7-9601-4E1C91119E72}.Debug|x64.Build.0 = Debug|Any CPU
		{EE7F3A61-A3B5-45F7-9601-4E1C91119E72}.Debug|x86.ActiveCfg = Debug|Any CPU
		{EE7F3A61-A3B5-45F7-9601-4E1C91119E72}.Debug|x86.Build.0 = Debug|Any CPU
		{EE7F3A61-A3B5-45F7-9601-4E1C91119E72}.Release|Any CPU.ActiveCfg = Release|Any CPU
		{EE7F3A61-A3B5-45F7-9601-4E1C91119E72}.Release|Any CPU.Build.0 = Release|Any CPU
		{EE7F3A61-A3B5-45F7-9601-4E1C91119E72}.Release|x64.ActiveCfg = Release|Any CPU
		{EE7F3A61-A3B5-45F7-9601-4E1C91119E72}.Release|x64.Build.0 = Release|Any CPU
		{EE7F3A61-A3B5-45F7-9601-4E1C91119E72}.Release|x86.ActiveCfg = Release|Any CPU
		{EE7F3A61-A3B5-45F7-9601-4E1C91119E72}.Release|x86.Build.0 = Release|Any CPU
		{C0C22677-9BAF-404D-B9F2-9D163D283D6F}.Debug|Any CPU.ActiveCfg = Debug|Any CPU
		{C0C22677-9BAF-404D-B9F2-9D163D283D6F}.Debug|Any CPU.Build.0 = Debug|Any CPU
		{C0C22677-9BAF-404D-B9F2-9D163D283D6F}.Debug|x64.ActiveCfg = Debug|Any CPU
		{C0C22677-9BAF-404D-B9F2-9D163D283D6F}.Debug|x64.Build.0 = Debug|Any CPU
		{C0C22677-9BAF-404D-B9F2-9D163D283D6F}.Debug|x86.ActiveCfg = Debug|Any CPU
		{C0C22677-9BAF-404D-B9F2-9D163D283D6F}.Debug|x86.Build.0 = Debug|Any CPU
		{C0C22677-9BAF-404D-B9F2-9D163D283D6F}.Release|Any CPU.ActiveCfg = Release|Any CPU
		{C0C22677-9BAF-404D-B9F2-9D163D283D6F}.Release|Any CPU.Build.0 = Release|Any CPU
		{C0C22677-9BAF-404D-B9F2-9D163D283D6F}.Release|x64.ActiveCfg = Release|Any CPU
		{C0C22677-9BAF-404D-B9F2-9D163D283D6F}.Release|x64.Build.0 = Release|Any CPU
		{C0C22677-9BAF-404D-B9F2-9D163D283D6F}.Release|x86.ActiveCfg = Release|Any CPU
		{C0C22677-9BAF-404D-B9F2-9D163D283D6F}.Release|x86.Build.0 = Release|Any CPU
		{5871D480-2F57-4203-B4B1-C2AA6B2152CA}.Debug|Any CPU.ActiveCfg = Debug|Any CPU
		{5871D480-2F57-4203-B4B1-C2AA6B2152CA}.Debug|Any CPU.Build.0 = Debug|Any CPU
		{5871D480-2F57-4203-B4B1-C2AA6B2152CA}.Debug|x64.ActiveCfg = Debug|Any CPU
		{5871D480-2F57-4203-B4B1-C2AA6B2152CA}.Debug|x64.Build.0 = Debug|Any CPU
		{5871D480-2F57-4203-B4B1-C2AA6B2152CA}.Debug|x86.ActiveCfg = Debug|Any CPU
		{5871D480-2F57-4203-B4B1-C2AA6B2152CA}.Debug|x86.Build.0 = Debug|Any CPU
		{5871D480-2F57-4203-B4B1-C2AA6B2152CA}.Release|Any CPU.ActiveCfg = Release|Any CPU
		{5871D480-2F57-4203-B4B1-C2AA6B2152CA}.Release|Any CPU.Build.0 = Release|Any CPU
		{5871D480-2F57-4203-B4B1-C2AA6B2152CA}.Release|x64.ActiveCfg = Release|Any CPU
		{5871D480-2F57-4203-B4B1-C2AA6B2152CA}.Release|x64.Build.0 = Release|Any CPU
		{5871D480-2F57-4203-B4B1-C2AA6B2152CA}.Release|x86.ActiveCfg = Release|Any CPU
		{5871D480-2F57-4203-B4B1-C2AA6B2152CA}.Release|x86.Build.0 = Release|Any CPU
	EndGlobalSection
	GlobalSection(SolutionProperties) = preSolution
		HideSolutionNode = FALSE
	EndGlobalSection
EndGlobal
